schema: '2.0'
stages:
  training:
    cmd: python src/DimondPricePrediction/pipelines/training_pipeline.py
    deps:
    - path: src/DimondPricePrediction/components/data_ingestion.py
      hash: md5
      md5: 0471dc9411ce3fcaec8752c6dc4680d2
      size: 2039
    - path: src/DimondPricePrediction/components/data_transformation.py
      hash: md5
      md5: 1d169a4869a6c98999e8e349855e9143
      size: 4569
    - path: src/DimondPricePrediction/components/model_evaluation.py
      hash: md5
      md5: 2d52fc853c258309a80b6a055d33b966
      size: 2161
    - path: src/DimondPricePrediction/components/model_trainer.py
      hash: md5
      md5: 06d7f02c78197036f6d814c80295b674
      size: 2520
    - path: src/DimondPricePrediction/pipelines/training_pipeline.py
      hash: md5
      md5: e8fdda7e097951e52e460f8c90715fda
      size: 937
    outs:
    - path: artifacts/model.pkl
      hash: md5
      md5: bf81109f7f5649b2a8689e32b3bc7d76
      size: 591
    - path: artifacts/preprocessor.pkl
      hash: md5
      md5: 45dca760480742bfb8fd2f1091227f31
      size: 3025
    - path: artifacts/raw.csv
      hash: md5
      md5: 4d3b99278017349368e70a85aa43bd7d
      size: 10656378
    - path: artifacts/test.csv
      hash: md5
      md5: 4cd82d6c48413f1cd2ef2e20b530c99c
      size: 2663872
    - path: artifacts/train.csv
      hash: md5
      md5: 3f03454af697abea2b37ac7b2cc86af6
      size: 7992558
